{
  "name": "llm-judge",
  "version": "1.0.0",
  "lockfileVersion": 3,
  "requires": true,
  "packages": {
    "": {
      "name": "llm-judge",
      "version": "1.0.0",
      "license": "MIT",
      "dependencies": {
        "pi-pipeliner": "file:../pipeliner"
      },
      "bin": {
        "llm-judge": "src/cli.js"
      },
      "engines": {
        "node": ">=18"
      }
    },
    "../pipeliner": {
      "name": "pi-pipeliner",
      "version": "0.1.0",
      "license": "MIT",
      "bin": {
        "pi-pipeliner": "dist/bin/run.js"
      },
      "devDependencies": {
        "@types/node": "^25.5.0",
        "typescript": "^5.5.0"
      },
      "engines": {
        "node": ">=20.0.0"
      }
    },
    "node_modules/pi-pipeliner": {
      "resolved": "../pipeliner",
      "link": true
    }
  }
}
